
Microsoft Visual Studio Solution File, Format Version 12.00
Project("{2150E333-8FDC-42A3-9474-1A3956D46DE8}") = "Core", "Core", "{3ABA99C7-6C86-4C10-8D45-46C764A2146E}"
EndProject
Project("{2150E333-8FDC-42A3-9474-1A3956D46DE8}") = "Infrastructure", "Infrastructure", "{1FC4EC9E-67E1-4088-BDBF-2BE28C51B397}"
EndProject
Project("{2150E333-8FDC-42A3-9474-1A3956D46DE8}") = "Presentation", "Presentation", "{C28C8B67-4725-4949-946B-0EFC1A7E0F72}"
EndProject
Project("{2150E333-8FDC-42A3-9474-1A3956D46DE8}") = "Tests", "Tests", "{C140FD87-88C7-47B8-96DE-93914A9D4CF6}"
EndProject
Project("{FAE04EC0-301F-11D3-BF4B-00C04F79EFBC}") = "TeachBoard.IdentityService.Domain", "TeachBoard.IdentityService.Domain\TeachBoard.IdentityService.Domain.csproj", "{2109500D-C975-4DAF-9147-A94B1F528048}"
EndProject
Project("{FAE04EC0-301F-11D3-BF4B-00C04F79EFBC}") = "TeachBoard.IdentityService.Application", "TeachBoard.IdentityService.Application\TeachBoard.IdentityService.Application.csproj", "{EA757D4A-DDC6-42BA-900C-E307DF0A057F}"
EndProject
Project("{FAE04EC0-301F-11D3-BF4B-00C04F79EFBC}") = "TeachBoard.IdentityService.Persistence", "TeachBoard.IdentityService.Persistence\TeachBoard.IdentityService.Persistence.csproj", "{DF9B13B4-3A3B-469C-A623-AD2350287C7F}"
EndProject
Project("{FAE04EC0-301F-11D3-BF4B-00C04F79EFBC}") = "TeachBoard.IdentityService.WebApi", "TeachBoard.IdentityService.WebApi\TeachBoard.IdentityService.WebApi.csproj", "{B399D5F9-C3C5-41E5-A4A2-A64529CAC79F}"
EndProject
Global
	GlobalSection(SolutionConfigurationPlatforms) = preSolution
		Debug|Any CPU = Debug|Any CPU
		Release|Any CPU = Release|Any CPU
	EndGlobalSection
	GlobalSection(NestedProjects) = preSolution
		{2109500D-C975-4DAF-9147-A94B1F528048} = {3ABA99C7-6C86-4C10-8D45-46C764A2146E}
		{EA757D4A-DDC6-42BA-900C-E307DF0A057F} = {3ABA99C7-6C86-4C10-8D45-46C764A2146E}
		{DF9B13B4-3A3B-469C-A623-AD2350287C7F} = {1FC4EC9E-67E1-4088-BDBF-2BE28C51B397}
		{B399D5F9-C3C5-41E5-A4A2-A64529CAC79F} = {C28C8B67-4725-4949-946B-0EFC1A7E0F72}
	EndGlobalSection
	GlobalSection(ProjectConfigurationPlatforms) = postSolution
		{2109500D-C975-4DAF-9147-A94B1F528048}.Debug|Any CPU.ActiveCfg = Debug|Any CPU
		{2109500D-C975-4DAF-9147-A94B1F528048}.Debug|Any CPU.Build.0 = Debug|Any CPU
		{2109500D-C975-4DAF-9147-A94B1F528048}.Release|Any CPU.ActiveCfg = Release|Any CPU
		{2109500D-C975-4DAF-9147-A94B1F528048}.Release|Any CPU.Build.0 = Release|Any CPU
		{EA757D4A-DDC6-42BA-900C-E307DF0A057F}.Debug|Any CPU.ActiveCfg = Debug|Any CPU
		{EA757D4A-DDC6-42BA-900C-E307DF0A057F}.Debug|Any CPU.Build.0 = Debug|Any CPU
		{EA757D4A-DDC6-42BA-900C-E307DF0A057F}.Release|Any CPU.ActiveCfg = Release|Any CPU
		{EA757D4A-DDC6-42BA-900C-E307DF0A057F}.Release|Any CPU.Build.0 = Release|Any CPU
		{DF9B13B4-3A3B-469C-A623-AD2350287C7F}.Debug|Any CPU.ActiveCfg = Debug|Any CPU
		{DF9B13B4-3A3B-469C-A623-AD2350287C7F}.Debug|Any CPU.Build.0 = Debug|Any CPU
		{DF9B13B4-3A3B-469C-A623-AD2350287C7F}.Release|Any CPU.ActiveCfg = Release|Any CPU
		{DF9B13B4-3A3B-469C-A623-AD2350287C7F}.Release|Any CPU.Build.0 = Release|Any CPU
		{B399D5F9-C3C5-41E5-A4A2-A64529CAC79F}.Debug|Any CPU.ActiveCfg = Debug|Any CPU
		{B399D5F9-C3C5-41E5-A4A2-A64529CAC79F}.Debug|Any CPU.Build.0 = Debug|Any CPU
		{B399D5F9-C3C5-41E5-A4A2-A64529CAC79F}.Release|Any CPU.ActiveCfg = Release|Any CPU
		{B399D5F9-C3C5-41E5-A4A2-A64529CAC79F}.Release|Any CPU.Build.0 = Release|Any CPU
	EndGlobalSection
EndGlobal
